PODS:
  - BanubaARCloudSDK (1.36.2)
  - BanubaAudioBrowserSDK (1.36.2)
  - BanubaLicenseServicingSDK (1.36.2)
  - BanubaSDK (1.36.2):
    - BNBBackground (~> 1.14.1)
    - BNBEffectPlayer (~> 1.14.1)
    - BNBEyes (~> 1.14.1)
    - BNBHair (~> 1.14.1)
    - BNBLips (~> 1.14.1)
    - BNBScripting (~> 1.14.1)
    - BNBSdkApi (~> 1.14.1)
    - BNBSdkCore (~> 1.14.1)
    - BNBSkin (~> 1.14.1)
  - BanubaSDKServicing (1.36.2)
  - BanubaSDKSimple (1.36.2)
  - BanubaUtilities (1.36.2)
  - BanubaVideoEditorGallerySDK (1.36.2)
  - BanubaVideoEditorSDK (1.36.2)
  - BNBBackground (1.14.2):
    - BNBEffectPlayer (= 1.14.2)
    - BNBScripting (= 1.14.2)
    - BNBSdkCore (= 1.14.2)
  - BNBEffectPlayer (1.14.2)
  - BNBEyes (1.14.2):
    - BNBEffectPlayer (= 1.14.2)
    - BNBFaceTracker (= 1.14.2)
    - BNBScripting (= 1.14.2)
    - BNBSdkCore (= 1.14.2)
  - BNBFaceTracker (1.14.2):
    - BNBEffectPlayer (= 1.14.2)
    - BNBScripting (= 1.14.2)
    - BNBSdkCore (= 1.14.2)
  - BNBHair (1.14.2):
    - BNBEffectPlayer (= 1.14.2)
    - BNBScripting (= 1.14.2)
    - BNBSdkCore (= 1.14.2)
  - BNBLicenseUtils (1.36.2)
  - BNBLips (1.14.2):
    - BNBEffectPlayer (= 1.14.2)
    - BNBFaceTracker (= 1.14.2)
    - BNBScripting (= 1.14.2)
    - BNBSdkCore (= 1.14.2)
  - BNBScripting (1.14.2)
  - BNBSdkApi (1.14.2):
    - BNBSdkCore (= 1.14.2)
  - BNBSdkCore (1.14.2)
  - BNBSkin (1.14.2):
    - BNBEffectPlayer (= 1.14.2)
    - BNBScripting (= 1.14.2)
    - BNBSdkCore (= 1.14.2)
  - Flutter (1.0.0)
  - image_picker_ios (0.0.1):
    - Flutter
  - ve_sdk_flutter (0.0.1):
    - BanubaARCloudSDK (= 1.39.7)
    - BanubaAudioBrowserSDK (= 1.39.7)
    - BanubaLicenseServicingSDK (= 1.39.7)
    - BanubaSDK (= 1.39.7)
    - BanubaSDKServicing (= 1.39.7)
    - BanubaSDKSimple (= 1.39.7)
    - BanubaUtilities (= 1.39.7)
    - BanubaVideoEditorGallerySDK (= 1.39.7)
    - BanubaVideoEditorSDK (= 1.39.7)
    - BNBLicenseUtils (= 1.39.7)
    - Flutter
    - VEEffectsSDK (= 1.39.7)
    - VEExportSDK (= 1.39.7)
    - VEPlaybackSDK (= 1.39.7)
    - VideoEditor (= 1.39.7)
  - VEEffectsSDK (1.39.7)
  - VEExportSDK (1.39.7)
  - VEPlaybackSDK (1.39.7)
  - VideoEditor (1.39.7)

DEPENDENCIES:
  - Flutter (from `Flutter`)
  - image_picker_ios (from `.symlinks/plugins/image_picker_ios/ios`)
  - ve_sdk_flutter (from `.symlinks/plugins/ve_sdk_flutter/ios`)

SPEC REPOS:
  https://github.com/Banuba/specs.git:
    - BanubaARCloudSDK
    - BanubaAudioBrowserSDK
    - BanubaLicenseServicingSDK
    - BanubaSDK
    - BanubaSDKServicing
    - BanubaSDKSimple
    - BanubaUtilities
    - BanubaVideoEditorGallerySDK
    - BanubaVideoEditorSDK
    - BNBLicenseUtils
    - VEEffectsSDK
    - VEExportSDK
    - VEPlaybackSDK
    - VideoEditor
  https://github.com/sdk-banuba/banuba-sdk-podspecs.git:
    - BNBBackground
    - BNBEffectPlayer
    - BNBEyes
    - BNBFaceTracker
    - BNBHair
    - BNBLips
    - BNBScripting
    - BNBSdkApi
    - BNBSdkCore
    - BNBSkin

EXTERNAL SOURCES:
  Flutter:
    :path: Flutter
  image_picker_ios:
    :path: ".symlinks/plugins/image_picker_ios/ios"
  ve_sdk_flutter:
    :path: ".symlinks/plugins/ve_sdk_flutter/ios"

SPEC CHECKSUMS:
  BanubaARCloudSDK: 253807db0798aabb5049f5d8dad7f07195a7aa41
  BanubaAudioBrowserSDK: c6e76f6b070dfed2b4d2574fbb9c577536cda3cd
  BanubaLicenseServicingSDK: e7ead71083716694a903f12dde7c2f00cc05d42d
  BanubaSDK: ae05b1276e2004747419e635f4761ff038ee471e
  BanubaSDKServicing: f5bd73851a1e2fa5436846cb23c8e70a55031293
  BanubaSDKSimple: 49bfee876c53667749ff903185f6e5fea6525bab
  BanubaUtilities: 213a37046f5035a54bba6a06a116cc3121aa013a
  BanubaVideoEditorGallerySDK: 13733c254a1edc22e19c3a5a7eacb377cb9092e7
  BanubaVideoEditorSDK: d1c1459f2be78cf47a1bae6abaa97a0ebeb1e18b
  BNBBackground: cdbc07dc698d2d094cc676e0e77845e219d9e2ba
  BNBEffectPlayer: d5813b05afce282f0959e31fda877a06dbed1bce
  BNBEyes: be819e28d00a26973cdaa59f5c5be32e183ba272
  BNBFaceTracker: 94cc4c1b1868bf6dfcb093bd40db94c36b119745
  BNBHair: a7b3d3116853bf628db67b00491e95cc22b17f04
  BNBLicenseUtils: 5403637529a50688d5c3cb684a1b2db185867fa8
  BNBLips: ecbe48023ef3652dce83e165a50884de7baecd26
  BNBScripting: 3e851d230e201e06bf94b0f75a561c18cc15877c
  BNBSdkApi: a05a2201214e3e7f8920f645fbb98d5b8df4fe19
  BNBSdkCore: 90da0c0c1fe1f10377d4ab1e00aa701926faea17
  BNBSkin: 1f6ff9507b1e35af1469e4fc91270154149ab673
  Flutter: e0871f40cf51350855a761d2e70bf5af5b9b5de7
  image_picker_ios: a768de0d44b0925de635738f5030f9f2727eb996
  ve_sdk_flutter: 6386b26e3a85c90d41ed09e82755d29c0d3cb265
  VEEffectsSDK: 2ba258d3c08f3598af51a98bfeb6fcc6c339b07a
  VEExportSDK: 83f2845235beed640495dbac76bbfedac093e306
  VEPlaybackSDK: db16929456bd89f9b641eb1d67c2abb972572d2f
  VideoEditor: feee553772f7f31a329d7b3d0b4f800a7d2ea0eb

PODFILE CHECKSUM: 73d8a17446cd2f1c034d597d281fbd949e555c7b

COCOAPODS: 1.16.2
