PODS:
  - BanubaARCloudSDK (1.47.1):
    - BanubaUtilities (= 1.47.1)
  - BanubaAudioBrowserSDK (1.47.1):
    - BanubaLicenseServicingSDK (= 1.47.1)
    - BanubaUtilities (= 1.47.1)
  - BanubaLicenseServicingSDK (1.47.1):
    - BNBLicenseUtils (= 1.47.1)
  - BanubaSDK (1.47.1):
    - BNBBackground (~> 1.17.2)
    - BNBEffectPlayer (~> 1.17.2)
    - BNBEyes (~> 1.17.2)
    - BNBHair (~> 1.17.2)
    - BNBLips (~> 1.17.2)
    - BNBScripting (~> 1.17.2)
    - BNBSdkApi (~> 1.17.2)
    - BNBSdkCore (~> 1.17.2)
    - BNBSkin (~> 1.17.2)
  - BanubaSDKSimple (1.47.1)
  - BanubaUtilities (1.47.1)
  - BanubaVideoEditorCore (1.47.1):
    - BanubaLicenseServicingSDK (= 1.47.1)
    - BanubaUtilities (= 1.47.1)
  - BanubaVideoEditorSDK (1.47.1):
    - BanubaLicenseServicingSDK (= 1.47.1)
    - BanubaUtilities (= 1.47.1)
    - BanubaVideoEditorCore (= 1.47.1)
  - BNBBackground (1.17.5):
    - BNBEffectPlayer (= 1.17.5)
    - BNBScripting (= 1.17.5)
    - BNBSdkCore (= 1.17.5)
  - BNBEffectPlayer (1.17.5)
  - BNBEyes (1.17.5):
    - BNBEffectPlayer (= 1.17.5)
    - BNBFaceTracker (= 1.17.5)
    - BNBScripting (= 1.17.5)
    - BNBSdkCore (= 1.17.5)
  - BNBFaceTracker (1.17.5):
    - BNBEffectPlayer (= 1.17.5)
    - BNBScripting (= 1.17.5)
    - BNBSdkCore (= 1.17.5)
  - BNBHair (1.17.5):
    - BNBEffectPlayer (= 1.17.5)
    - BNBScripting (= 1.17.5)
    - BNBSdkCore (= 1.17.5)
  - BNBLicenseUtils (1.47.1)
  - BNBLips (1.17.5):
    - BNBEffectPlayer (= 1.17.5)
    - BNBFaceTracker (= 1.17.5)
    - BNBScripting (= 1.17.5)
    - BNBSdkCore (= 1.17.5)
  - BNBScripting (1.17.5)
  - BNBSdkApi (1.17.5):
    - BNBSdkCore (= 1.17.5)
  - BNBSdkCore (1.17.5)
  - BNBSkin (1.17.5):
    - BNBEffectPlayer (= 1.17.5)
    - BNBScripting (= 1.17.5)
    - BNBSdkCore (= 1.17.5)
  - Flutter (1.0.0)
  - image_picker_ios (0.0.1):
    - Flutter
  - ve_sdk_flutter (0.16.0):
    - BanubaARCloudSDK (= 1.47.1)
    - BanubaAudioBrowserSDK (= 1.47.1)
    - BanubaSDK (= 1.47.1)
    - BanubaSDKSimple (= 1.47.1)
    - BanubaVideoEditorSDK (= 1.47.1)
    - Flutter

DEPENDENCIES:
  - Flutter (from `Flutter`)
  - image_picker_ios (from `.symlinks/plugins/image_picker_ios/ios`)
  - ve_sdk_flutter (from `.symlinks/plugins/ve_sdk_flutter/ios`)

SPEC REPOS:
  https://github.com/Banuba/specs.git:
    - BanubaARCloudSDK
    - BanubaAudioBrowserSDK
    - BanubaLicenseServicingSDK
    - BanubaSDK
    - BanubaSDKSimple
    - BanubaUtilities
    - BanubaVideoEditorCore
    - BanubaVideoEditorSDK
    - BNBLicenseUtils
  https://github.com/sdk-banuba/banuba-sdk-podspecs.git:
    - BNBBackground
    - BNBEffectPlayer
    - BNBEyes
    - BNBFaceTracker
    - BNBHair
    - BNBLips
    - BNBScripting
    - BNBSdkApi
    - BNBSdkCore
    - BNBSkin

EXTERNAL SOURCES:
  Flutter:
    :path: Flutter
  image_picker_ios:
    :path: ".symlinks/plugins/image_picker_ios/ios"
  ve_sdk_flutter:
    :path: ".symlinks/plugins/ve_sdk_flutter/ios"

SPEC CHECKSUMS:
  BanubaARCloudSDK: 59fa57a5be7baa08279a311ddeee0f6f60d2afec
  BanubaAudioBrowserSDK: aa7a1391cf37b88a027d5023914c37f4a6123cba
  BanubaLicenseServicingSDK: 3046f564cc04351802a30bcddd75abaca623baa5
  BanubaSDK: 173c5d233d1a5ebed36ab0205fcac18b39e9b6af
  BanubaSDKSimple: 492848fe4f3fa7a3f266b86be1682643995ddb35
  BanubaUtilities: c0add9c172603cea889eb18a64a0aa5759d38bd2
  BanubaVideoEditorCore: ca07b94b01763119d5fe77c09d2563fbfc7c07c2
  BanubaVideoEditorSDK: 2834497c0d467a951a40ede9cd961ed973133e76
  BNBBackground: c17920efde9d44204583b92e584bc8e038a718a7
  BNBEffectPlayer: 99861777f7e2e22b80c38bc0202e60a3adea59ec
  BNBEyes: 32f973d6457eb607f12a97eb1133593b540ca54f
  BNBFaceTracker: 95a690fe81fd568db76d7cc0f963ac82bc1d8c03
  BNBHair: c7f47de6f958e128d4b6666c116e1f29490bfc76
  BNBLicenseUtils: 7a1ca9d9548e1f2ddf287ffceceb474dc3454004
  BNBLips: c0a5e5bd51fea0c3d131678697bfa9fe11ed2a1c
  BNBScripting: b007e372a125ac2788941999556fc87b9ce858f9
  BNBSdkApi: 6d62a9136d97326cf3f7321f523d9e590e8fbe02
  BNBSdkCore: 525306d0db8e734343528fabb63bd5999fa58fe4
  BNBSkin: ea11d0dd3a922afa20a4816eef813d17ef7f3118
  Flutter: e0871f40cf51350855a761d2e70bf5af5b9b5de7
  image_picker_ios: 7fe1ff8e34c1790d6fff70a32484959f563a928a
  ve_sdk_flutter: 26942ce23507466ee866e5abdcb71dccfda1628f

PODFILE CHECKSUM: 73d8a17446cd2f1c034d597d281fbd949e555c7b

COCOAPODS: 1.16.2
